{
  "name": "ml-catalog-assistant",
  "lockfileVersion": 3,
  "requires": true,
  "packages": {
    "": {
      "name": "ml-catalog-assistant",
      "workspaces": [
        "packages/*"
      ]
    },
    "node_modules/api": {
      "resolved": "packages/api",
      "link": true
    },
    "node_modules/web-app": {
      "resolved": "packages/web-app",
      "link": true
    },
    "packages/api": {
      "version": "1.0.0"
    },
    "packages/web-app": {
      "version": "1.0.0"
    }
  }
}
